
Microsoft Visual Studio Solution File, Format Version 12.00
# Visual Studio Version 17
VisualStudioVersion = 17.0.32112.339
MinimumVisualStudioVersion = 10.0.40219.1
Project("{9A19103F-16F7-4668-BE54-9A1E7A4F7556}") = "WebApi", "WebApi\WebApi.csproj", "{8FE8BDDA-9EB5-475A-B260-0BD481619F38}"
EndProject
Project("{9A19103F-16F7-4668-BE54-9A1E7A4F7556}") = "Application", "Application\Application.csproj", "{247DE45D-C1CC-45E7-8D03-0011287AD4E8}"
EndProject
Project("{2150E333-8FDC-42A3-9474-1A3956D46DE8}") = "Api", "Api", "{79EC8D81-F792-45F7-A42F-83B445F26647}"
EndProject
Project("{2150E333-8FDC-42A3-9474-1A3956D46DE8}") = "Core", "Core", "{318463B0-136B-48D1-B83A-8367356E4755}"
EndProject
Project("{2150E333-8FDC-42A3-9474-1A3956D46DE8}") = "Infrastructure", "Infrastructure", "{750688C5-030E-439A-A255-12A42029478D}"
EndProject
Project("{9A19103F-16F7-4668-BE54-9A1E7A4F7556}") = "Domain", "Domain\Domain.csproj", "{470E205C-A0C6-4702-8BBA-6F012E63420A}"
EndProject
Project("{9A19103F-16F7-4668-BE54-9A1E7A4F7556}") = "DataAccess", "DataAccess\DataAccess.csproj", "{6C39A269-4884-4EA5-8A18-6412B76BB85C}"
EndProject
Project("{2150E333-8FDC-42A3-9474-1A3956D46DE8}") = "CrossCutting", "CrossCutting", "{94D2BB47-D6AB-49AD-99E7-84FD7EF814AF}"
EndProject
Project("{9A19103F-16F7-4668-BE54-9A1E7A4F7556}") = "CrossCutting", "CrossCutting\CrossCutting.csproj", "{7D68FE80-EACE-4005-8F7B-1F855D85B907}"
EndProject
Project("{2150E333-8FDC-42A3-9474-1A3956D46DE8}") = "1. Solution", "1. Solution", "{C734746F-C601-4BDF-AF64-4D3C969831D3}"
EndProject
Project("{2150E333-8FDC-42A3-9474-1A3956D46DE8}") = "Test", "Test", "{9580267A-8BE2-4CB8-8CC2-C0F48F6CF68E}"
EndProject
Global
	GlobalSection(SolutionConfigurationPlatforms) = preSolution
		Debug|Any CPU = Debug|Any CPU
		Release|Any CPU = Release|Any CPU
	EndGlobalSection
	GlobalSection(ProjectConfigurationPlatforms) = postSolution
		{8FE8BDDA-9EB5-475A-B260-0BD481619F38}.Debug|Any CPU.ActiveCfg = Debug|Any CPU
		{8FE8BDDA-9EB5-475A-B260-0BD481619F38}.Debug|Any CPU.Build.0 = Debug|Any CPU
		{8FE8BDDA-9EB5-475A-B260-0BD481619F38}.Release|Any CPU.ActiveCfg = Release|Any CPU
		{8FE8BDDA-9EB5-475A-B260-0BD481619F38}.Release|Any CPU.Build.0 = Release|Any CPU
		{247DE45D-C1CC-45E7-8D03-0011287AD4E8}.Debug|Any CPU.ActiveCfg = Debug|Any CPU
		{247DE45D-C1CC-45E7-8D03-0011287AD4E8}.Debug|Any CPU.Build.0 = Debug|Any CPU
		{247DE45D-C1CC-45E7-8D03-0011287AD4E8}.Release|Any CPU.ActiveCfg = Release|Any CPU
		{247DE45D-C1CC-45E7-8D03-0011287AD4E8}.Release|Any CPU.Build.0 = Release|Any CPU
		{470E205C-A0C6-4702-8BBA-6F012E63420A}.Debug|Any CPU.ActiveCfg = Debug|Any CPU
		{470E205C-A0C6-4702-8BBA-6F012E63420A}.Debug|Any CPU.Build.0 = Debug|Any CPU
		{470E205C-A0C6-4702-8BBA-6F012E63420A}.Release|Any CPU.ActiveCfg = Release|Any CPU
		{470E205C-A0C6-4702-8BBA-6F012E63420A}.Release|Any CPU.Build.0 = Release|Any CPU
		{6C39A269-4884-4EA5-8A18-6412B76BB85C}.Debug|Any CPU.ActiveCfg = Debug|Any CPU
		{6C39A269-4884-4EA5-8A18-6412B76BB85C}.Debug|Any CPU.Build.0 = Debug|Any CPU
		{6C39A269-4884-4EA5-8A18-6412B76BB85C}.Release|Any CPU.ActiveCfg = Release|Any CPU
		{6C39A269-4884-4EA5-8A18-6412B76BB85C}.Release|Any CPU.Build.0 = Release|Any CPU
		{7D68FE80-EACE-4005-8F7B-1F855D85B907}.Debug|Any CPU.ActiveCfg = Debug|Any CPU
		{7D68FE80-EACE-4005-8F7B-1F855D85B907}.Debug|Any CPU.Build.0 = Debug|Any CPU
		{7D68FE80-EACE-4005-8F7B-1F855D85B907}.Release|Any CPU.ActiveCfg = Release|Any CPU
		{7D68FE80-EACE-4005-8F7B-1F855D85B907}.Release|Any CPU.Build.0 = Release|Any CPU
	EndGlobalSection
	GlobalSection(SolutionProperties) = preSolution
		HideSolutionNode = FALSE
	EndGlobalSection
	GlobalSection(NestedProjects) = preSolution
		{8FE8BDDA-9EB5-475A-B260-0BD481619F38} = {79EC8D81-F792-45F7-A42F-83B445F26647}
		{247DE45D-C1CC-45E7-8D03-0011287AD4E8} = {318463B0-136B-48D1-B83A-8367356E4755}
		{79EC8D81-F792-45F7-A42F-83B445F26647} = {C734746F-C601-4BDF-AF64-4D3C969831D3}
		{318463B0-136B-48D1-B83A-8367356E4755} = {C734746F-C601-4BDF-AF64-4D3C969831D3}
		{750688C5-030E-439A-A255-12A42029478D} = {C734746F-C601-4BDF-AF64-4D3C969831D3}
		{470E205C-A0C6-4702-8BBA-6F012E63420A} = {318463B0-136B-48D1-B83A-8367356E4755}
		{6C39A269-4884-4EA5-8A18-6412B76BB85C} = {750688C5-030E-439A-A255-12A42029478D}
		{7D68FE80-EACE-4005-8F7B-1F855D85B907} = {94D2BB47-D6AB-49AD-99E7-84FD7EF814AF}
		{9580267A-8BE2-4CB8-8CC2-C0F48F6CF68E} = {C734746F-C601-4BDF-AF64-4D3C969831D3}
	EndGlobalSection
	GlobalSection(ExtensibilityGlobals) = postSolution
		SolutionGuid = {A090D0F3-F86F-47DA-B9B4-45B1B6F5EF58}
	EndGlobalSection
EndGlobal
